
Microsoft Visual Studio Solution File, Format Version 12.00
# Visual Studio Version 17
VisualStudioVersion = 17.8.34322.80
MinimumVisualStudioVersion = 10.0.40219.1
Project("{FAE04EC0-301F-11D3-BF4B-00C04F79EFBC}") = "GraMemory", "GraMemory\GraMemory.csproj", "{B4F569E3-DFB3-4B29-8DE8-D1981008FBB9}"
EndProject
Global
	GlobalSection(SolutionConfigurationPlatforms) = preSolution
		Debug|Any CPU = Debug|Any CPU
		Release|Any CPU = Release|Any CPU
	EndGlobalSection
	GlobalSection(ProjectConfigurationPlatforms) = postSolution
		{B4F569E3-DFB3-4B29-8DE8-D1981008FBB9}.Debug|Any CPU.ActiveCfg = Debug|Any CPU
		{B4F569E3-DFB3-4B29-8DE8-D1981008FBB9}.Debug|Any CPU.Build.0 = Debug|Any CPU
		{B4F569E3-DFB3-4B29-8DE8-D1981008FBB9}.Release|Any CPU.ActiveCfg = Release|Any CPU
		{B4F569E3-DFB3-4B29-8DE8-D1981008FBB9}.Release|Any CPU.Build.0 = Release|Any CPU
	EndGlobalSection
	GlobalSection(SolutionProperties) = preSolution
		HideSolutionNode = FALSE
	EndGlobalSection
	GlobalSection(ExtensibilityGlobals) = postSolution
		SolutionGuid = {7D1CFE79-14D4-4862-9ECB-B6155B54F219}
	EndGlobalSection
EndGlobal
